
Microsoft Visual Studio Solution File, Format Version 12.00
# Visual Studio Version 17
VisualStudioVersion = 17.5.33516.290
MinimumVisualStudioVersion = 10.0.40219.1
Project("{FAE04EC0-301F-11D3-BF4B-00C04F79EFBC}") = "MotoApp", "MotoApp\MotoApp.csproj", "{FBDA6DEB-CC46-4E0E-8800-3C335A1FF389}"
EndProject
Global
	GlobalSection(SolutionConfigurationPlatforms) = preSolution
		Debug|Any CPU = Debug|Any CPU
		Release|Any CPU = Release|Any CPU
	EndGlobalSection
	GlobalSection(ProjectConfigurationPlatforms) = postSolution
		{FBDA6DEB-CC46-4E0E-8800-3C335A1FF389}.Debug|Any CPU.ActiveCfg = Debug|Any CPU
		{FBDA6DEB-CC46-4E0E-8800-3C335A1FF389}.Debug|Any CPU.Build.0 = Debug|Any CPU
		{FBDA6DEB-CC46-4E0E-8800-3C335A1FF389}.Release|Any CPU.ActiveCfg = Release|Any CPU
		{FBDA6DEB-CC46-4E0E-8800-3C335A1FF389}.Release|Any CPU.Build.0 = Release|Any CPU
	EndGlobalSection
	GlobalSection(SolutionProperties) = preSolution
		HideSolutionNode = FALSE
	EndGlobalSection
	GlobalSection(ExtensibilityGlobals) = postSolution
		SolutionGuid = {0D84F05E-350A-4A95-8A6E-4FD61DEB69CF}
	EndGlobalSection
EndGlobal
